
Microsoft Visual Studio Solution File, Format Version 12.00
# Visual Studio 15
VisualStudioVersion = 15.0.28307.329
MinimumVisualStudioVersion = 10.0.40219.1
Project("{FAE04EC0-301F-11D3-BF4B-00C04F79EFBC}") = "BTL_nhom4_LaptrinhWindows", "BTL_nhom4_LaptrinhWindows\BTL_nhom4_LaptrinhWindows.csproj", "{3B9F13AC-B943-4658-8C4D-3C2808E3654A}"
EndProject
Global
	GlobalSection(SolutionConfigurationPlatforms) = preSolution
		Debug|Any CPU = Debug|Any CPU
		Release|Any CPU = Release|Any CPU
	EndGlobalSection
	GlobalSection(ProjectConfigurationPlatforms) = postSolution
		{3B9F13AC-B943-4658-8C4D-3C2808E3654A}.Debug|Any CPU.ActiveCfg = Debug|Any CPU
		{3B9F13AC-B943-4658-8C4D-3C2808E3654A}.Debug|Any CPU.Build.0 = Debug|Any CPU
		{3B9F13AC-B943-4658-8C4D-3C2808E3654A}.Release|Any CPU.ActiveCfg = Release|Any CPU
		{3B9F13AC-B943-4658-8C4D-3C2808E3654A}.Release|Any CPU.Build.0 = Release|Any CPU
	EndGlobalSection
	GlobalSection(SolutionProperties) = preSolution
		HideSolutionNode = FALSE
	EndGlobalSection
	GlobalSection(ExtensibilityGlobals) = postSolution
		SolutionGuid = {BA7B90FA-4A1F-4F42-A978-7D8FF21433A5}
	EndGlobalSection
EndGlobal
